// !$*UTF8*$!
{
	archiveVersion = 1;
	classes = {
	};
	objectVersion = 50;
	objects = {

/* Begin PBXBuildFile section */
		F4220861246DBCC00049BB50 /* Movie.swift in Sources */ = {isa = PBXBuildFile; fileRef = F4220860246DBCC00049BB50 /* Movie.swift */; };
		F4220863246DBDDB0049BB50 /* MovieList.swift in Sources */ = {isa = PBXBuildFile; fileRef = F4220862246DBDDB0049BB50 /* MovieList.swift */; };
		F45EB84F246C8599008E6039 /* AppDelegate.swift in Sources */ = {isa = PBXBuildFile; fileRef = F45EB84E246C8599008E6039 /* AppDelegate.swift */; };
		F45EB851246C8599008E6039 /* SceneDelegate.swift in Sources */ = {isa = PBXBuildFile; fileRef = F45EB850246C8599008E6039 /* SceneDelegate.swift */; };
		F45EB854246C8599008E6039 /* MovieTracker.xcdatamodeld in Sources */ = {isa = PBXBuildFile; fileRef = F45EB852246C8599008E6039 /* MovieTracker.xcdatamodeld */; };
		F45EB856246C8599008E6039 /* MovieDetail.swift in Sources */ = {isa = PBXBuildFile; fileRef = F45EB855246C8599008E6039 /* MovieDetail.swift */; };
		F45EB858246C859A008E6039 /* Assets.xcassets in Resources */ = {isa = PBXBuildFile; fileRef = F45EB857246C859A008E6039 /* Assets.xcassets */; };
		F45EB85B246C859A008E6039 /* Preview Assets.xcassets in Resources */ = {isa = PBXBuildFile; fileRef = F45EB85A246C859A008E6039 /* Preview Assets.xcassets */; };
		F45EB85E246C859A008E6039 /* LaunchScreen.storyboard in Resources */ = {isa = PBXBuildFile; fileRef = F45EB85C246C859A008E6039 /* LaunchScreen.storyboard */; };
/* End PBXBuildFile section */

/* Begin PBXFileReference section */
		F4220860246DBCC00049BB50 /* Movie.swift */ = {isa = PBXFileReference; lastKnownFileType = sourcecode.swift; path = Movie.swift; sourceTree = "<group>"; };
		F4220862246DBDDB0049BB50 /* MovieList.swift */ = {isa = PBXFileReference; lastKnownFileType = sourcecode.swift; path = MovieList.swift; sourceTree = "<group>"; };
		F45EB84B246C8599008E6039 /* MovieTracker.app */ = {isa = PBXFileReference; explicitFileType = wrapper.application; includeInIndex = 0; path = MovieTracker.app; sourceTree = BUILT_PRODUCTS_DIR; };
		F45EB84E246C8599008E6039 /* AppDelegate.swift */ = {isa = PBXFileReference; lastKnownFileType = sourcecode.swift; path = AppDelegate.swift; sourceTree = "<group>"; };
		F45EB850246C8599008E6039 /* SceneDelegate.swift */ = {isa = PBXFileReference; lastKnownFileType = sourcecode.swift; path = SceneDelegate.swift; sourceTree = "<group>"; };
		F45EB853246C8599008E6039 /* MovieTracker.xcdatamodel */ = {isa = PBXFileReference; lastKnownFileType = wrapper.xcdatamodel; path = MovieTracker.xcdatamodel; sourceTree = "<group>"; };
		F45EB855246C8599008E6039 /* MovieDetail.swift */ = {isa = PBXFileReference; lastKnownFileType = sourcecode.swift; path = MovieDetail.swift; sourceTree = "<group>"; };
		F45EB857246C859A008E6039 /* Assets.xcassets */ = {isa = PBXFileReference; lastKnownFileType = folder.assetcatalog; path = Assets.xcassets; sourceTree = "<group>"; };
		F45EB85A246C859A008E6039 /* Preview Assets.xcassets */ = {isa = PBXFileReference; lastKnownFileType = folder.assetcatalog; path = "Preview Assets.xcassets"; sourceTree = "<group>"; };
		F45EB85D246C859A008E6039 /* Base */ = {isa = PBXFileReference; lastKnownFileType = file.storyboard; name = Base; path = Base.lproj/LaunchScreen.storyboard; sourceTree = "<group>"; };
		F45EB85F246C859A008E6039 /* Info.plist */ = {isa = PBXFileReference; lastKnownFileType = text.plist.xml; path = Info.plist; sourceTree = "<group>"; };
/* End PBXFileReference section */

/* Begin PBXFrameworksBuildPhase section */
		F45EB848246C8599008E6039 /* Frameworks */ = {
			isa = PBXFrameworksBuildPhase;
			buildActionMask = 2147483647;
			files = (
			);
			runOnlyForDeploymentPostprocessing = 0;
		};
/* End PBXFrameworksBuildPhase section */

/* Begin PBXGroup section */
		F45EB842246C8599008E6039 = {
			isa = PBXGroup;
			children = (
				F45EB84D246C8599008E6039 /* MovieTracker */,
				F45EB84C246C8599008E6039 /* Products */,
			);
			sourceTree = "<group>";
		};
		F45EB84C246C8599008E6039 /* Products */ = {
			isa = PBXGroup;
			children = (
				F45EB84B246C8599008E6039 /* MovieTracker.app */,
			);
			name = Products;
			sourceTree = "<group>";
		};
		F45EB84D246C8599008E6039 /* MovieTracker */ = {
			isa = PBXGroup;
			children = (
				F45EB84E246C8599008E6039 /* AppDelegate.swift */,
				F45EB850246C8599008E6039 /* SceneDelegate.swift */,
				F45EB857246C859A008E6039 /* Assets.xcassets */,
				F45EB85C246C859A008E6039 /* LaunchScreen.storyboard */,
				F45EB85F246C859A008E6039 /* Info.plist */,
				F45EB852246C8599008E6039 /* MovieTracker.xcdatamodeld */,
				F45EB859246C859A008E6039 /* Preview Content */,
				F4220860246DBCC00049BB50 /* Movie.swift */,
				F4220862246DBDDB0049BB50 /* MovieList.swift */,
				F45EB855246C8599008E6039 /* MovieDetail.swift */,
			);
			path = MovieTracker;
			sourceTree = "<group>";
		};
		F45EB859246C859A008E6039 /* Preview Content */ = {
			isa = PBXGroup;
			children = (
				F45EB85A246C859A008E6039 /* Preview Assets.xcassets */,
			);
			path = "Preview Content";
			sourceTree = "<group>";
		};
/* End PBXGroup section */

/* Begin PBXNativeTarget section */
		F45EB84A246C8599008E6039 /* MovieTracker */ = {
			isa = PBXNativeTarget;
			buildConfigurationList = F45EB862246C859A008E6039 /* Build configuration list for PBXNativeTarget "MovieTracker" */;
			buildPhases = (
				F45EB847246C8599008E6039 /* Sources */,
				F45EB848246C8599008E6039 /* Frameworks */,
				F45EB849246C8599008E6039 /* Resources */,
			);
			buildRules = (
			);
			dependencies = (
			);
			name = MovieTracker;
			productName = MovieTracker;
			productReference = F45EB84B246C8599008E6039 /* MovieTracker.app */;
			productType = "com.apple.product-type.application";
		};
/* End PBXNativeTarget section */

/* Begin PBXProject section */
		F45EB843246C8599008E6039 /* Project object */ = {
			isa = PBXProject;
			attributes = {
				LastSwiftUpdateCheck = 1140;
				LastUpgradeCheck = 1140;
				ORGANIZATIONNAME = julio;
				TargetAttributes = {
					F45EB84A246C8599008E6039 = {
						CreatedOnToolsVersion = 11.4.1;
					};
				};
			};
			buildConfigurationList = F45EB846246C8599008E6039 /* Build configuration list for PBXProject "MovieTracker" */;
			compatibilityVersion = "Xcode 9.3";
			developmentRegion = en;
			hasScannedForEncodings = 0;
			knownRegions = (
				en,
				Base,
			);
			mainGroup = F45EB842246C8599008E6039;
			productRefGroup = F45EB84C246C8599008E6039 /* Products */;
			projectDirPath = "";
			projectRoot = "";
			targets = (
				F45EB84A246C8599008E6039 /* MovieTracker */,
			);
		};
/* End PBXProject section */

/* Begin PBXResourcesBuildPhase section */
		F45EB849246C8599008E6039 /* Resources */ = {
			isa = PBXResourcesBuildPhase;
			buildActionMask = 2147483647;
			files = (
				F45EB85E246C859A008E6039 /* LaunchScreen.storyboard in Resources */,
				F45EB85B246C859A008E6039 /* Preview Assets.xcassets in Resources */,
				F45EB858246C859A008E6039 /* Assets.xcassets in Resources */,
			);
			runOnlyForDeploymentPostprocessing = 0;
		};
/* End PBXResourcesBuildPhase section */

/* Begin PBXSourcesBuildPhase section */
		F45EB847246C8599008E6039 /* Sources */ = {
			isa = PBXSourcesBuildPhase;
			buildActionMask = 2147483647;
			files = (
				F4220863246DBDDB0049BB50 /* MovieList.swift in Sources */,
				F45EB854246C8599008E6039 /* MovieTracker.xcdatamodeld in Sources */,
				F45EB84F246C8599008E6039 /* AppDelegate.swift in Sources */,
				F45EB856246C8599008E6039 /* MovieDetail.swift in Sources */,
				F45EB851246C8599008E6039 /* SceneDelegate.swift in Sources */,
				F4220861246DBCC00049BB50 /* Movie.swift in Sources */,
			);
			runOnlyForDeploymentPostprocessing = 0;
		};
/* End PBXSourcesBuildPhase section */

/* Begin PBXVariantGroup section */
		F45EB85C246C859A008E6039 /* LaunchScreen.storyboard */ = {
			isa = PBXVariantGroup;
			children = (
				F45EB85D246C859A008E6039 /* Base */,
			);
			name = LaunchScreen.storyboard;
			sourceTree = "<group>";
		};
/* End PBXVariantGroup section */

/* Begin XCBuildConfiguration section */
		F45EB860246C859A008E6039 /* Debug */ = {
			isa = XCBuildConfiguration;
			buildSettings = {
				ALWAYS_SEARCH_USER_PATHS = NO;
				CLANG_ANALYZER_NONNULL = YES;
				CLANG_ANALYZER_NUMBER_OBJECT_CONVERSION = YES_AGGRESSIVE;
				CLANG_CXX_LANGUAGE_STANDARD = "gnu++14";
				CLANG_CXX_LIBRARY = "libc++";
				CLANG_ENABLE_MODULES = YES;
				CLANG_ENABLE_OBJC_ARC = YES;
				CLANG_ENABLE_OBJC_WEAK = YES;
				CLANG_WARN_BLOCK_CAPTURE_AUTORELEASING = YES;
				CLANG_WARN_BOOL_CONVERSION = YES;
				CLANG_WARN_COMMA = YES;
				CLANG_WARN_CONSTANT_CONVERSION = YES;
				CLANG_WARN_DEPRECATED_OBJC_IMPLEMENTATIONS = YES;
				CLANG_WARN_DIRECT_OBJC_ISA_USAGE = YES_ERROR;
				CLANG_WARN_DOCUMENTATION_COMMENTS = YES;
				CLANG_WARN_EMPTY_BODY = YES;
				CLANG_WARN_ENUM_CONVERSION = YES;
				CLANG_WARN_INFINITE_RECURSION = YES;
				CLANG_WARN_INT_CONVERSION = YES;
				CLANG_WARN_NON_LITERAL_NULL_CONVERSION = YES;
				CLANG_WARN_OBJC_IMPLICIT_RETAIN_SELF = YES;
				CLANG_WARN_OBJC_LITERAL_CONVERSION = YES;
				CLANG_WARN_OBJC_ROOT_CLASS = YES_ERROR;
				CLANG_WARN_RANGE_LOOP_ANALYSIS = YES;
				CLANG_WARN_STRICT_PROTOTYPES = YES;
				CLANG_WARN_SUSPICIOUS_MOVE = YES;
				CLANG_WARN_UNGUARDED_AVAILABILITY = YES_AGGRESSIVE;
				CLANG_WARN_UNREACHABLE_CODE = YES;
				CLANG_WARN__DUPLICATE_METHOD_MATCH = YES;
				COPY_PHASE_STRIP = NO;
				DEBUG_INFORMATION_FORMAT = dwarf;
				ENABLE_STRICT_OBJC_MSGSEND = YES;
				ENABLE_TESTABILITY = YES;
				GCC_C_LANGUAGE_STANDARD = gnu11;
				GCC_DYNAMIC_NO_PIC = NO;
				GCC_NO_COMMON_BLOCKS = YES;
				GCC_OPTIMIZATION_LEVEL = 0;
				GCC_PREPROCESSOR_DEFINITIONS = (
					"DEBUG=1",
					"$(inherited)",
				);
				GCC_WARN_64_TO_32_BIT_CONVERSION = YES;
				GCC_WARN_ABOUT_RETURN_TYPE = YES_ERROR;
				GCC_WARN_UNDECLARED_SELECTOR = YES;
				GCC_WARN_UNINITIALIZED_AUTOS = YES_AGGRESSIVE;
				GCC_WARN_UNUSED_FUNCTION = YES;
				GCC_WARN_UNUSED_VARIABLE = YES;
				IPHONEOS_DEPLOYMENT_TARGET = 13.4;
				MTL_ENABLE_DEBUG_INFO = INCLUDE_SOURCE;
				MTL_FAST_MATH = YES;
				ONLY_ACTIVE_ARCH = YES;
				SDKROOT = iphoneos;
				SWIFT_ACTIVE_COMPILATION_CONDITIONS = DEBUG;
				SWIFT_OPTIMIZATION_LEVEL = "-Onone";
			};
			name = Debug;
		};
		F45EB861246C859A008E6039 /* Release */ = {
			isa = XCBuildConfiguration;
			buildSettings = {
				ALWAYS_SEARCH_USER_PATHS = NO;
				CLANG_ANALYZER_NONNULL = YES;
				CLANG_ANALYZER_NUMBER_OBJECT_CONVERSION = YES_AGGRESSIVE;
				CLANG_CXX_LANGUAGE_STANDARD = "gnu++14";
				CLANG_CXX_LIBRARY = "libc++";
				CLANG_ENABLE_MODULES = YES;
				CLANG_ENABLE_OBJC_ARC = YES;
				CLANG_ENABLE_OBJC_WEAK = YES;
				CLANG_WARN_BLOCK_CAPTURE_AUTORELEASING = YES;
				CLANG_WARN_BOOL_CONVERSION = YES;
				CLANG_WARN_COMMA = YES;
				CLANG_WARN_CONSTANT_CONVERSION = YES;
				CLANG_WARN_DEPRECATED_OBJC_IMPLEMENTATIONS = YES;
				CLANG_WARN_DIRECT_OBJC_ISA_USAGE = YES_ERROR;
				CLANG_WARN_DOCUMENTATION_COMMENTS = YES;
				CLANG_WARN_EMPTY_BODY = YES;
				CLANG_WARN_ENUM_CONVERSION = YES;
				CLANG_WARN_INFINITE_RECURSION = YES;
				CLANG_WARN_INT_CONVERSION = YES;
				CLANG_WARN_NON_LITERAL_NULL_CONVERSION = YES;
				CLANG_WARN_OBJC_IMPLICIT_RETAIN_SELF = YES;
				CLANG_WARN_OBJC_LITERAL_CONVERSION = YES;
				CLANG_WARN_OBJC_ROOT_CLASS = YES_ERROR;
				CLANG_WARN_RANGE_LOOP_ANALYSIS = YES;
				CLANG_WARN_STRICT_PROTOTYPES = YES;
				CLANG_WARN_SUSPICIOUS_MOVE = YES;
				CLANG_WARN_UNGUARDED_AVAILABILITY = YES_AGGRESSIVE;
				CLANG_WARN_UNREACHABLE_CODE = YES;
				CLANG_WARN__DUPLICATE_METHOD_MATCH = YES;
				COPY_PHASE_STRIP = NO;
				DEBUG_INFORMATION_FORMAT = "dwarf-with-dsym";
				ENABLE_NS_ASSERTIONS = NO;
				ENABLE_STRICT_OBJC_MSGSEND = YES;
				GCC_C_LANGUAGE_STANDARD = gnu11;
				GCC_NO_COMMON_BLOCKS = YES;
				GCC_WARN_64_TO_32_BIT_CONVERSION = YES;
				GCC_WARN_ABOUT_RETURN_TYPE = YES_ERROR;
				GCC_WARN_UNDECLARED_SELECTOR = YES;
				GCC_WARN_UNINITIALIZED_AUTOS = YES_AGGRESSIVE;
				GCC_WARN_UNUSED_FUNCTION = YES;
				GCC_WARN_UNUSED_VARIABLE = YES;
				IPHONEOS_DEPLOYMENT_TARGET = 13.4;
				MTL_ENABLE_DEBUG_INFO = NO;
				MTL_FAST_MATH = YES;
				SDKROOT = iphoneos;
				SWIFT_COMPILATION_MODE = wholemodule;
				SWIFT_OPTIMIZATION_LEVEL = "-O";
				VALIDATE_PRODUCT = YES;
			};
			name = Release;
		};
		F45EB863246C859A008E6039 /* Debug */ = {
			isa = XCBuildConfiguration;
			buildSettings = {
				ASSETCATALOG_COMPILER_APPICON_NAME = AppIcon;
				CODE_SIGN_STYLE = Automatic;
				DEVELOPMENT_ASSET_PATHS = "\"MovieTracker/Preview Content\"";
				DEVELOPMENT_TEAM = SN83FZJ9R5;
				ENABLE_PREVIEWS = YES;
				INFOPLIST_FILE = MovieTracker/Info.plist;
				LD_RUNPATH_SEARCH_PATHS = (
					"$(inherited)",
					"@executable_path/Frameworks",
				);
				PRODUCT_BUNDLE_IDENTIFIER = com.application.MovieTracker;
				PRODUCT_NAME = "$(TARGET_NAME)";
				SWIFT_VERSION = 5.0;
				TARGETED_DEVICE_FAMILY = "1,2";
			};
			name = Debug;
		};
		F45EB864246C859A008E6039 /* Release */ = {
			isa = XCBuildConfiguration;
			buildSettings = {
				ASSETCATALOG_COMPILER_APPICON_NAME = AppIcon;
				CODE_SIGN_STYLE = Automatic;
				DEVELOPMENT_ASSET_PATHS = "\"MovieTracker/Preview Content\"";
				DEVELOPMENT_TEAM = SN83FZJ9R5;
				ENABLE_PREVIEWS = YES;
				INFOPLIST_FILE = MovieTracker/Info.plist;
				LD_RUNPATH_SEARCH_PATHS = (
					"$(inherited)",
					"@executable_path/Frameworks",
				);
				PRODUCT_BUNDLE_IDENTIFIER = com.application.MovieTracker;
				PRODUCT_NAME = "$(TARGET_NAME)";
				SWIFT_VERSION = 5.0;
				TARGETED_DEVICE_FAMILY = "1,2";
			};
			name = Release;
		};
/* End XCBuildConfiguration section */

/* Begin XCConfigurationList section */
		F45EB846246C8599008E6039 /* Build configuration list for PBXProject "MovieTracker" */ = {
			isa = XCConfigurationList;
			buildConfigurations = (
				F45EB860246C859A008E6039 /* Debug */,
				F45EB861246C859A008E6039 /* Release */,
			);
			defaultConfigurationIsVisible = 0;
			defaultConfigurationName = Release;
		};
		F45EB862246C859A008E6039 /* Build configuration list for PBXNativeTarget "MovieTracker" */ = {
			isa = XCConfigurationList;
			buildConfigurations = (
				F45EB863246C859A008E6039 /* Debug */,
				F45EB864246C859A008E6039 /* Release */,
			);
			defaultConfigurationIsVisible = 0;
			defaultConfigurationName = Release;
		};
/* End XCConfigurationList section */

/* Begin XCVersionGroup section */
		F45EB852246C8599008E6039 /* MovieTracker.xcdatamodeld */ = {
			isa = XCVersionGroup;
			children = (
				F45EB853246C8599008E6039 /* MovieTracker.xcdatamodel */,
			);
			currentVersion = F45EB853246C8599008E6039 /* MovieTracker.xcdatamodel */;
			path = MovieTracker.xcdatamodeld;
			sourceTree = "<group>";
			versionGroupType = wrapper.xcdatamodel;
		};
/* End XCVersionGroup section */
	};
	rootObject = F45EB843246C8599008E6039 /* Project object */;
}
